{
  "lockfileVersion": 1,
  "workspaces": {
    "": {
      "name": "zip-extractor",
      "dependencies": {
        "7zip-bin": "^5.2.0",
        "commander": "^12.0.0",
        "node-7z": "^3.0.0",
      },
      "devDependencies": {
        "@types/node": "^24.7.0",
        "@types/node-7z": "^2.1.10",
        "typescript": "^5.0.0",
      },
    },
  },
  "packages": {
    "7zip-bin": ["7zip-bin@5.2.0", "", {}, "sha512-ukTPVhqG4jNzMro2qA9HSCSSVJN3aN7tlb+hfqYCt3ER0yWroeA2VR38MNrOHLQ/cVj+DaIMad0kFCtWWowh/A=="],

    "@types/node": ["@types/node@24.7.0", "", { "dependencies": { "undici-types": "~7.14.0" } }, "sha512-IbKooQVqUBrlzWTi79E8Fw78l8k1RNtlDDNWsFZs7XonuQSJ8oNYfEeclhprUldXISRMLzBpILuKgPlIxm+/Yw=="],

    "@types/node-7z": ["@types/node-7z@2.1.10", "", { "dependencies": { "@types/node": "*" } }, "sha512-LdfuQcGAKsLafyM96+F8VekToCuGQnFy9DMM0UdS6f5pEnaP5kAixp3TQPc1NJU4C6IwLwnednktYBjp/z2LRw=="],

    "commander": ["commander@12.1.0", "", {}, "sha512-Vw8qHK3bZM9y/P10u3Vib8o/DdkvA2OtPtZvD871QKjy74Wj1WSKFILMPRPSdUSx5RFK1arlJzEtA4PkFgnbuA=="],

    "debug": ["debug@4.4.3", "", { "dependencies": { "ms": "^2.1.3" } }, "sha512-RGwwWnwQvkVfavKVt22FGLw+xYSdzARwm0ru6DhTVA3umU5hZc28V3kO4stgYryrTlLpuvgI9GiijltAjNbcqA=="],

    "lodash.defaultsdeep": ["lodash.defaultsdeep@4.6.1", "", {}, "sha512-3j8wdDzYuWO3lM3Reg03MuQR957t287Rpcxp1njpEa8oDrikb+FwGdW3n+FELh/A6qib6yPit0j/pv9G/yeAqA=="],

    "lodash.defaultto": ["lodash.defaultto@4.14.0", "", {}, "sha512-G6tizqH6rg4P5j32Wy4Z3ZIip7OfG8YWWlPFzUFGcYStH1Ld0l1tWs6NevEQNEDnO1M3NZYjuHuraaFSN5WqeQ=="],

    "lodash.flattendeep": ["lodash.flattendeep@4.4.0", "", {}, "sha512-uHaJFihxmJcEX3kT4I23ABqKKalJ/zDrDg0lsFtc1h+3uw49SIJ5beyhx5ExVRti3AvKoOJngIj7xz3oylPdWQ=="],

    "lodash.isempty": ["lodash.isempty@4.4.0", "", {}, "sha512-oKMuF3xEeqDltrGMfDxAPGIVMSSRv8tbRSODbrs4KGsRRLEhrW8N8Rd4DRgB2+621hY8A8XwwrTVhXWpxFvMzg=="],

    "lodash.negate": ["lodash.negate@3.0.2", "", {}, "sha512-JGJYYVslKYC0tRMm/7igfdHulCjoXjoganRNWM8AgS+RXfOvFnPkOveDhPI65F9aAypCX9QEEQoBqWf7Q6uAeA=="],

    "ms": ["ms@2.1.3", "", {}, "sha512-6FlzubTLZG3J2a/NVCAleEhjzq5oxgHyaCU9yYXvcLsvoVaHJq/s5xXI6/XXP6tz7R9xAOtHnSO/tXtF3WRTlA=="],

    "node-7z": ["node-7z@3.0.0", "", { "dependencies": { "debug": "^4.3.2", "lodash.defaultsdeep": "^4.6.1", "lodash.defaultto": "^4.14.0", "lodash.flattendeep": "^4.4.0", "lodash.isempty": "^4.4.0", "lodash.negate": "^3.0.2", "normalize-path": "^3.0.0" } }, "sha512-KIznWSxIkOYO/vOgKQfJEaXd7rgoFYKZbaurainCEdMhYc7V7mRHX+qdf2HgbpQFcdJL/Q6/XOPrDLoBeTfuZA=="],

    "normalize-path": ["normalize-path@3.0.0", "", {}, "sha512-6eZs5Ls3WtCisHWp9S2GUy8dqkpGi4BVSz3GaqiE6ezub0512ESztXUwUB6C6IKbQkY2Pnb/mD4WYojCRwcwLA=="],

    "typescript": ["typescript@5.9.3", "", { "bin": { "tsc": "bin/tsc", "tsserver": "bin/tsserver" } }, "sha512-jl1vZzPDinLr9eUt3J/t7V6FgNEw9QjvBPdysz9KfQDD41fQrC2Y4vKQdiaUpFT4bXlb1RHhLpp8wtm6M5TgSw=="],

    "undici-types": ["undici-types@7.14.0", "", {}, "sha512-QQiYxHuyZ9gQUIrmPo3IA+hUl4KYk8uSA7cHrcKd/l3p1OTpZcM0Tbp9x7FAtXdAYhlasd60ncPpgu6ihG6TOA=="],
  }
}
